// !$*UTF8*$!
{
	archiveVersion = 1;
	classes = {
	};
	objectVersion = 46;
	objects = {

/* Begin PBXBuildFile section */
		F1C63DCB1E955D8E00E9BA43 /* AppDelegate.swift in Sources */ = {isa = PBXBuildFile; fileRef = F1C63DCA1E955D8E00E9BA43 /* AppDelegate.swift */; };
		F1C63DCD1E955D8E00E9BA43 /* ViewController.swift in Sources */ = {isa = PBXBuildFile; fileRef = F1C63DCC1E955D8E00E9BA43 /* ViewController.swift */; };
		F1C63DD01E955D8E00E9BA43 /* Main.storyboard in Resources */ = {isa = PBXBuildFile; fileRef = F1C63DCE1E955D8E00E9BA43 /* Main.storyboard */; };
		F1C63DD21E955D8E00E9BA43 /* Assets.xcassets in Resources */ = {isa = PBXBuildFile; fileRef = F1C63DD11E955D8E00E9BA43 /* Assets.xcassets */; };
		F1C63DD51E955D8E00E9BA43 /* LaunchScreen.storyboard in Resources */ = {isa = PBXBuildFile; fileRef = F1C63DD31E955D8E00E9BA43 /* LaunchScreen.storyboard */; };
/* End PBXBuildFile section */

/* Begin PBXFileReference section */
		F1C63DC71E955D8D00E9BA43 /* xcode_intro_demo.app */ = {isa = PBXFileReference; explicitFileType = wrapper.application; includeInIndex = 0; path = xcode_intro_demo.app; sourceTree = BUILT_PRODUCTS_DIR; };
		F1C63DCA1E955D8E00E9BA43 /* AppDelegate.swift */ = {isa = PBXFileReference; lastKnownFileType = sourcecode.swift; path = AppDelegate.swift; sourceTree = "<group>"; };
		F1C63DCC1E955D8E00E9BA43 /* ViewController.swift */ = {isa = PBXFileReference; lastKnownFileType = sourcecode.swift; path = ViewController.swift; sourceTree = "<group>"; };
		F1C63DCF1E955D8E00E9BA43 /* Base */ = {isa = PBXFileReference; lastKnownFileType = file.storyboard; name = Base; path = Base.lproj/Main.storyboard; sourceTree = "<group>"; };
		F1C63DD11E955D8E00E9BA43 /* Assets.xcassets */ = {isa = PBXFileReference; lastKnownFileType = folder.assetcatalog; path = Assets.xcassets; sourceTree = "<group>"; };
		F1C63DD41E955D8E00E9BA43 /* Base */ = {isa = PBXFileReference; lastKnownFileType = file.storyboard; name = Base; path = Base.lproj/LaunchScreen.storyboard; sourceTree = "<group>"; };
		F1C63DD61E955D8E00E9BA43 /* Info.plist */ = {isa = PBXFileReference; lastKnownFileType = text.plist.xml; path = Info.plist; sourceTree = "<group>"; };
/* End PBXFileReference section */

/* Begin PBXFrameworksBuildPhase section */
		F1C63DC41E955D8D00E9BA43 /* Frameworks */ = {
			isa = PBXFrameworksBuildPhase;
			buildActionMask = 2147483647;
			files = (
			);
			runOnlyForDeploymentPostprocessing = 0;
		};
/* End PBXFrameworksBuildPhase section */

/* Begin PBXGroup section */
		F1C63DBE1E955D8D00E9BA43 = {
			isa = PBXGroup;
			children = (
				F1C63DC91E955D8D00E9BA43 /* xcode_intro_demo */,
				F1C63DC81E955D8D00E9BA43 /* Products */,
			);
			sourceTree = "<group>";
		};
		F1C63DC81E955D8D00E9BA43 /* Products */ = {
			isa = PBXGroup;
			children = (
				F1C63DC71E955D8D00E9BA43 /* xcode_intro_demo.app */,
			);
			name = Products;
			sourceTree = "<group>";
		};
		F1C63DC91E955D8D00E9BA43 /* xcode_intro_demo */ = {
			isa = PBXGroup;
			children = (
				F1C63DCA1E955D8E00E9BA43 /* AppDelegate.swift */,
				F1C63DCC1E955D8E00E9BA43 /* ViewController.swift */,
				F1C63DCE1E955D8E00E9BA43 /* Main.storyboard */,
				F1C63DD11E955D8E00E9BA43 /* Assets.xcassets */,
				F1C63DD31E955D8E00E9BA43 /* LaunchScreen.storyboard */,
				F1C63DD61E955D8E00E9BA43 /* Info.plist */,
			);
			path = xcode_intro_demo;
			sourceTree = "<group>";
		};
/* End PBXGroup section */

/* Begin PBXNativeTarget section */
		F1C63DC61E955D8D00E9BA43 /* xcode_intro_demo */ = {
			isa = PBXNativeTarget;
			buildConfigurationList = F1C63DD91E955D8E00E9BA43 /* Build configuration list for PBXNativeTarget "xcode_intro_demo" */;
			buildPhases = (
				F1C63DC31E955D8D00E9BA43 /* Sources */,
				F1C63DC41E955D8D00E9BA43 /* Frameworks */,
				F1C63DC51E955D8D00E9BA43 /* Resources */,
			);
			buildRules = (
			);
			dependencies = (
			);
			name = xcode_intro_demo;
			productName = xcode_intro_demo;
			productReference = F1C63DC71E955D8D00E9BA43 /* xcode_intro_demo.app */;
			productType = "com.apple.product-type.application";
		};
/* End PBXNativeTarget section */

/* Begin PBXProject section */
		F1C63DBF1E955D8D00E9BA43 /* Project object */ = {
			isa = PBXProject;
			attributes = {
				LastSwiftUpdateCheck = 0830;
				LastUpgradeCheck = 0830;
				ORGANIZATIONNAME = "Andy Feng";
				TargetAttributes = {
					F1C63DC61E955D8D00E9BA43 = {
						CreatedOnToolsVersion = 8.3;
						DevelopmentTeam = 32H24EKY3R;
						ProvisioningStyle = Automatic;
					};
				};
			};
			buildConfigurationList = F1C63DC21E955D8D00E9BA43 /* Build configuration list for PBXProject "xcode_intro_demo" */;
			compatibilityVersion = "Xcode 3.2";
			developmentRegion = English;
			hasScannedForEncodings = 0;
			knownRegions = (
				en,
				Base,
			);
			mainGroup = F1C63DBE1E955D8D00E9BA43;
			productRefGroup = F1C63DC81E955D8D00E9BA43 /* Products */;
			projectDirPath = "";
			projectRoot = "";
			targets = (
				F1C63DC61E955D8D00E9BA43 /* xcode_intro_demo */,
			);
		};
/* End PBXProject section */

/* Begin PBXResourcesBuildPhase section */
		F1C63DC51E955D8D00E9BA43 /* Resources */ = {
			isa = PBXResourcesBuildPhase;
			buildActionMask = 2147483647;
			files = (
				F1C63DD51E955D8E00E9BA43 /* LaunchScreen.storyboard in Resources */,
				F1C63DD21E955D8E00E9BA43 /* Assets.xcassets in Resources */,
				F1C63DD01E955D8E00E9BA43 /* Main.storyboard in Resources */,
			);
			runOnlyForDeploymentPostprocessing = 0;
		};
/* End PBXResourcesBuildPhase section */

/* Begin PBXSourcesBuildPhase section */
		F1C63DC31E955D8D00E9BA43 /* Sources */ = {
			isa = PBXSourcesBuildPhase;
			buildActionMask = 2147483647;
			files = (
				F1C63DCD1E955D8E00E9BA43 /* ViewController.swift in Sources */,
				F1C63DCB1E955D8E00E9BA43 /* AppDelegate.swift in Sources */,
			);
			runOnlyForDeploymentPostprocessing = 0;
		};
/* End PBXSourcesBuildPhase section */

/* Begin PBXVariantGroup section */
		F1C63DCE1E955D8E00E9BA43 /* Main.storyboard */ = {
			isa = PBXVariantGroup;
			children = (
				F1C63DCF1E955D8E00E9BA43 /* Base */,
			);
			name = Main.storyboard;
			sourceTree = "<group>";
		};
		F1C63DD31E955D8E00E9BA43 /* LaunchScreen.storyboard */ = {
			isa = PBXVariantGroup;
			children = (
				F1C63DD41E955D8E00E9BA43 /* Base */,
			);
			name = LaunchScreen.storyboard;
			sourceTree = "<group>";
		};
/* End PBXVariantGroup section */

/* Begin XCBuildConfiguration section */
		F1C63DD71E955D8E00E9BA43 /* Debug */ = {
			isa = XCBuildConfiguration;
			buildSettings = {
				ALWAYS_SEARCH_USER_PATHS = NO;
				CLANG_ANALYZER_NONNULL = YES;
				CLANG_ANALYZER_NUMBER_OBJECT_CONVERSION = YES_AGGRESSIVE;
				CLANG_CXX_LANGUAGE_STANDARD = "gnu++0x";
				CLANG_CXX_LIBRARY = "libc++";
				CLANG_ENABLE_MODULES = YES;
				CLANG_ENABLE_OBJC_ARC = YES;
				CLANG_WARN_BOOL_CONVERSION = YES;
				CLANG_WARN_CONSTANT_CONVERSION = YES;
				CLANG_WARN_DIRECT_OBJC_ISA_USAGE = YES_ERROR;
				CLANG_WARN_DOCUMENTATION_COMMENTS = YES;
				CLANG_WARN_EMPTY_BODY = YES;
				CLANG_WARN_ENUM_CONVERSION = YES;
				CLANG_WARN_INFINITE_RECURSION = YES;
				CLANG_WARN_INT_CONVERSION = YES;
				CLANG_WARN_OBJC_ROOT_CLASS = YES_ERROR;
				CLANG_WARN_SUSPICIOUS_MOVE = YES;
				CLANG_WARN_UNREACHABLE_CODE = YES;
				CLANG_WARN__DUPLICATE_METHOD_MATCH = YES;
				"CODE_SIGN_IDENTITY[sdk=iphoneos*]" = "iPhone Developer";
				COPY_PHASE_STRIP = NO;
				DEBUG_INFORMATION_FORMAT = dwarf;
				ENABLE_STRICT_OBJC_MSGSEND = YES;
				ENABLE_TESTABILITY = YES;
				GCC_C_LANGUAGE_STANDARD = gnu99;
				GCC_DYNAMIC_NO_PIC = NO;
				GCC_NO_COMMON_BLOCKS = YES;
				GCC_OPTIMIZATION_LEVEL = 0;
				GCC_PREPROCESSOR_DEFINITIONS = (
					"DEBUG=1",
					"$(inherited)",
				);
				GCC_WARN_64_TO_32_BIT_CONVERSION = YES;
				GCC_WARN_ABOUT_RETURN_TYPE = YES_ERROR;
				GCC_WARN_UNDECLARED_SELECTOR = YES;
				GCC_WARN_UNINITIALIZED_AUTOS = YES_AGGRESSIVE;
				GCC_WARN_UNUSED_FUNCTION = YES;
				GCC_WARN_UNUSED_VARIABLE = YES;
				IPHONEOS_DEPLOYMENT_TARGET = 10.3;
				MTL_ENABLE_DEBUG_INFO = YES;
				ONLY_ACTIVE_ARCH = YES;
				SDKROOT = iphoneos;
				SWIFT_ACTIVE_COMPILATION_CONDITIONS = DEBUG;
				SWIFT_OPTIMIZATION_LEVEL = "-Onone";
				TARGETED_DEVICE_FAMILY = "1,2";
			};
			name = Debug;
		};
		F1C63DD81E955D8E00E9BA43 /* Release */ = {
			isa = XCBuildConfiguration;
			buildSettings = {
				ALWAYS_SEARCH_USER_PATHS = NO;
				CLANG_ANALYZER_NONNULL = YES;
				CLANG_ANALYZER_NUMBER_OBJECT_CONVERSION = YES_AGGRESSIVE;
				CLANG_CXX_LANGUAGE_STANDARD = "gnu++0x";
				CLANG_CXX_LIBRARY = "libc++";
				CLANG_ENABLE_MODULES = YES;
				CLANG_ENABLE_OBJC_ARC = YES;
				CLANG_WARN_BOOL_CONVERSION = YES;
				CLANG_WARN_CONSTANT_CONVERSION = YES;
				CLANG_WARN_DIRECT_OBJC_ISA_USAGE = YES_ERROR;
				CLANG_WARN_DOCUMENTATION_COMMENTS = YES;
				CLANG_WARN_EMPTY_BODY = YES;
				CLANG_WARN_ENUM_CONVERSION = YES;
				CLANG_WARN_INFINITE_RECURSION = YES;
				CLANG_WARN_INT_CONVERSION = YES;
				CLANG_WARN_OBJC_ROOT_CLASS = YES_ERROR;
				CLANG_WARN_SUSPICIOUS_MOVE = YES;
				CLANG_WARN_UNREACHABLE_CODE = YES;
				CLANG_WARN__DUPLICATE_METHOD_MATCH = YES;
				"CODE_SIGN_IDENTITY[sdk=iphoneos*]" = "iPhone Developer";
				COPY_PHASE_STRIP = NO;
				DEBUG_INFORMATION_FORMAT = "dwarf-with-dsym";
				ENABLE_NS_ASSERTIONS = NO;
				ENABLE_STRICT_OBJC_MSGSEND = YES;
				GCC_C_LANGUAGE_STANDARD = gnu99;
				GCC_NO_COMMON_BLOCKS = YES;
				GCC_WARN_64_TO_32_BIT_CONVERSION = YES;
				GCC_WARN_ABOUT_RETURN_TYPE = YES_ERROR;
				GCC_WARN_UNDECLARED_SELECTOR = YES;
				GCC_WARN_UNINITIALIZED_AUTOS = YES_AGGRESSIVE;
				GCC_WARN_UNUSED_FUNCTION = YES;
				GCC_WARN_UNUSED_VARIABLE = YES;
				IPHONEOS_DEPLOYMENT_TARGET = 10.3;
				MTL_ENABLE_DEBUG_INFO = NO;
				SDKROOT = iphoneos;
				SWIFT_OPTIMIZATION_LEVEL = "-Owholemodule";
				TARGETED_DEVICE_FAMILY = "1,2";
				VALIDATE_PRODUCT = YES;
			};
			name = Release;
		};
		F1C63DDA1E955D8E00E9BA43 /* Debug */ = {
			isa = XCBuildConfiguration;
			buildSettings = {
				ASSETCATALOG_COMPILER_APPICON_NAME = AppIcon;
				DEVELOPMENT_TEAM = 32H24EKY3R;
				INFOPLIST_FILE = xcode_intro_demo/Info.plist;
				LD_RUNPATH_SEARCH_PATHS = "$(inherited) @executable_path/Frameworks";
				PRODUCT_BUNDLE_IDENTIFIER = "com.andyfeng.xcode-intro-demo";
				PRODUCT_NAME = "$(TARGET_NAME)";
				SWIFT_VERSION = 3.0;
			};
			name = Debug;
		};
		F1C63DDB1E955D8E00E9BA43 /* Release */ = {
			isa = XCBuildConfiguration;
			buildSettings = {
				ASSETCATALOG_COMPILER_APPICON_NAME = AppIcon;
				DEVELOPMENT_TEAM = 32H24EKY3R;
				INFOPLIST_FILE = xcode_intro_demo/Info.plist;
				LD_RUNPATH_SEARCH_PATHS = "$(inherited) @executable_path/Frameworks";
				PRODUCT_BUNDLE_IDENTIFIER = "com.andyfeng.xcode-intro-demo";
				PRODUCT_NAME = "$(TARGET_NAME)";
				SWIFT_VERSION = 3.0;
			};
			name = Release;
		};
/* End XCBuildConfiguration section */

/* Begin XCConfigurationList section */
		F1C63DC21E955D8D00E9BA43 /* Build configuration list for PBXProject "xcode_intro_demo" */ = {
			isa = XCConfigurationList;
			buildConfigurations = (
				F1C63DD71E955D8E00E9BA43 /* Debug */,
				F1C63DD81E955D8E00E9BA43 /* Release */,
			);
			defaultConfigurationIsVisible = 0;
			defaultConfigurationName = Release;
		};
		F1C63DD91E955D8E00E9BA43 /* Build configuration list for PBXNativeTarget "xcode_intro_demo" */ = {
			isa = XCConfigurationList;
			buildConfigurations = (
				F1C63DDA1E955D8E00E9BA43 /* Debug */,
				F1C63DDB1E955D8E00E9BA43 /* Release */,
			);
			defaultConfigurationIsVisible = 0;
		};
/* End XCConfigurationList section */
	};
	rootObject = F1C63DBF1E955D8D00E9BA43 /* Project object */;
}
